
Microsoft Visual Studio Solution File, Format Version 12.00
# Visual Studio Version 17
VisualStudioVersion = 17.5.33414.496
MinimumVisualStudioVersion = 10.0.40219.1
Project("{FAE04EC0-301F-11D3-BF4B-00C04F79EFBC}") = "EmcShoppingCartUI", "EmcShoppingCartUI\EmcShoppingCartUI.csproj", "{31E5B5EC-8D69-44E7-98C7-1E91B8FE5DB0}"
EndProject
Global
	GlobalSection(SolutionConfigurationPlatforms) = preSolution
		Debug|Any CPU = Debug|Any CPU
		Release|Any CPU = Release|Any CPU
	EndGlobalSection
	GlobalSection(ProjectConfigurationPlatforms) = postSolution
		{31E5B5EC-8D69-44E7-98C7-1E91B8FE5DB0}.Debug|Any CPU.ActiveCfg = Debug|Any CPU
		{31E5B5EC-8D69-44E7-98C7-1E91B8FE5DB0}.Debug|Any CPU.Build.0 = Debug|Any CPU
		{31E5B5EC-8D69-44E7-98C7-1E91B8FE5DB0}.Release|Any CPU.ActiveCfg = Release|Any CPU
		{31E5B5EC-8D69-44E7-98C7-1E91B8FE5DB0}.Release|Any CPU.Build.0 = Release|Any CPU
	EndGlobalSection
	GlobalSection(SolutionProperties) = preSolution
		HideSolutionNode = FALSE
	EndGlobalSection
	GlobalSection(ExtensibilityGlobals) = postSolution
		SolutionGuid = {067984EC-8AB7-46B4-AB19-4EB8CDB69D42}
	EndGlobalSection
EndGlobal
